// !$*UTF8*$!
{
	archiveVersion = 1;
	classes = {
	};
	objectVersion = 56;
	objects = {

/* Begin PBXBuildFile section */
		93F7C8292AB9B03E0073FDD2 /* WorkUp4MeApp.swift in Sources */ = {isa = PBXBuildFile; fileRef = 93F7C8282AB9B03E0073FDD2 /* WorkUp4MeApp.swift */; };
		93F7C82B2AB9B03E0073FDD2 /* ContentView.swift in Sources */ = {isa = PBXBuildFile; fileRef = 93F7C82A2AB9B03E0073FDD2 /* ContentView.swift */; };
		93F7C82D2AB9B03F0073FDD2 /* Assets.xcassets in Resources */ = {isa = PBXBuildFile; fileRef = 93F7C82C2AB9B03F0073FDD2 /* Assets.xcassets */; };
		93F7C8302AB9B03F0073FDD2 /* Preview Assets.xcassets in Resources */ = {isa = PBXBuildFile; fileRef = 93F7C82F2AB9B03F0073FDD2 /* Preview Assets.xcassets */; };
		93F7C8382AB9B0AD0073FDD2 /* CourseView.swift in Sources */ = {isa = PBXBuildFile; fileRef = 93F7C8372AB9B0AD0073FDD2 /* CourseView.swift */; };
		93F7C83A2AB9B0CC0073FDD2 /* HomeView.swift in Sources */ = {isa = PBXBuildFile; fileRef = 93F7C8392AB9B0CC0073FDD2 /* HomeView.swift */; };
		93F7C83C2AB9B1050073FDD2 /* TrainingView.swift in Sources */ = {isa = PBXBuildFile; fileRef = 93F7C83B2AB9B1050073FDD2 /* TrainingView.swift */; };
		93F7C83E2AB9B1600073FDD2 /* SettingView.swift in Sources */ = {isa = PBXBuildFile; fileRef = 93F7C83D2AB9B1600073FDD2 /* SettingView.swift */; };
		93F7C8402AB9B17F0073FDD2 /* WelcomeView.swift in Sources */ = {isa = PBXBuildFile; fileRef = 93F7C83F2AB9B17F0073FDD2 /* WelcomeView.swift */; };
		93F7C8432AB9B1B90073FDD2 /* AuthView.swift in Sources */ = {isa = PBXBuildFile; fileRef = 93F7C8422AB9B1B90073FDD2 /* AuthView.swift */; };
		93F7C8452AB9B1E60073FDD2 /* CourseDetailView.swift in Sources */ = {isa = PBXBuildFile; fileRef = 93F7C8442AB9B1E60073FDD2 /* CourseDetailView.swift */; };
		93F7C8472AB9B2140073FDD2 /* CourseItem.swift in Sources */ = {isa = PBXBuildFile; fileRef = 93F7C8462AB9B2140073FDD2 /* CourseItem.swift */; };
		93F7C8492AB9B23D0073FDD2 /* FeatureItem.swift in Sources */ = {isa = PBXBuildFile; fileRef = 93F7C8482AB9B23D0073FDD2 /* FeatureItem.swift */; };
		93F7C84B2AB9B2700073FDD2 /* NavigationBar.swift in Sources */ = {isa = PBXBuildFile; fileRef = 93F7C84A2AB9B2700073FDD2 /* NavigationBar.swift */; };
		93F7C84D2AB9B2A00073FDD2 /* LoginView.swift in Sources */ = {isa = PBXBuildFile; fileRef = 93F7C84C2AB9B2A00073FDD2 /* LoginView.swift */; };
		93F7C84F2AB9B2BF0073FDD2 /* SignUpView.swift in Sources */ = {isa = PBXBuildFile; fileRef = 93F7C84E2AB9B2BF0073FDD2 /* SignUpView.swift */; };
		93F7C8542AB9B5690073FDD2 /* Exercise.swift in Sources */ = {isa = PBXBuildFile; fileRef = 93F7C8512AB9B5690073FDD2 /* Exercise.swift */; };
		93F7C8552AB9B5690073FDD2 /* String.swift in Sources */ = {isa = PBXBuildFile; fileRef = 93F7C8522AB9B5690073FDD2 /* String.swift */; };
		93F7C8562AB9B5690073FDD2 /* Row.swift in Sources */ = {isa = PBXBuildFile; fileRef = 93F7C8532AB9B5690073FDD2 /* Row.swift */; };
		93F7C85B2AB9B6380073FDD2 /* FirebaseAuth in Frameworks */ = {isa = PBXBuildFile; productRef = 93F7C85A2AB9B6380073FDD2 /* FirebaseAuth */; };
		93F7C85D2AB9B6380073FDD2 /* FirebaseFirestore in Frameworks */ = {isa = PBXBuildFile; productRef = 93F7C85C2AB9B6380073FDD2 /* FirebaseFirestore */; };
		93F7C85F2AB9B6FD0073FDD2 /* SessionView.swift in Sources */ = {isa = PBXBuildFile; fileRef = 93F7C85E2AB9B6FD0073FDD2 /* SessionView.swift */; };
		93F7C8612AB9B7910073FDD2 /* GoogleService-Info.plist in Resources */ = {isa = PBXBuildFile; fileRef = 93F7C8602AB9B7910073FDD2 /* GoogleService-Info.plist */; };
/* End PBXBuildFile section */

/* Begin PBXFileReference section */
		93F7C8252AB9B03E0073FDD2 /* WorkUp4Me.app */ = {isa = PBXFileReference; explicitFileType = wrapper.application; includeInIndex = 0; path = WorkUp4Me.app; sourceTree = BUILT_PRODUCTS_DIR; };
		93F7C8282AB9B03E0073FDD2 /* WorkUp4MeApp.swift */ = {isa = PBXFileReference; lastKnownFileType = sourcecode.swift; path = WorkUp4MeApp.swift; sourceTree = "<group>"; };
		93F7C82A2AB9B03E0073FDD2 /* ContentView.swift */ = {isa = PBXFileReference; lastKnownFileType = sourcecode.swift; path = ContentView.swift; sourceTree = "<group>"; };
		93F7C82C2AB9B03F0073FDD2 /* Assets.xcassets */ = {isa = PBXFileReference; lastKnownFileType = folder.assetcatalog; path = Assets.xcassets; sourceTree = "<group>"; };
		93F7C82F2AB9B03F0073FDD2 /* Preview Assets.xcassets */ = {isa = PBXFileReference; lastKnownFileType = folder.assetcatalog; path = "Preview Assets.xcassets"; sourceTree = "<group>"; };
		93F7C8372AB9B0AD0073FDD2 /* CourseView.swift */ = {isa = PBXFileReference; lastKnownFileType = sourcecode.swift; path = CourseView.swift; sourceTree = "<group>"; };
		93F7C8392AB9B0CC0073FDD2 /* HomeView.swift */ = {isa = PBXFileReference; lastKnownFileType = sourcecode.swift; path = HomeView.swift; sourceTree = "<group>"; };
		93F7C83B2AB9B1050073FDD2 /* TrainingView.swift */ = {isa = PBXFileReference; lastKnownFileType = sourcecode.swift; path = TrainingView.swift; sourceTree = "<group>"; };
		93F7C83D2AB9B1600073FDD2 /* SettingView.swift */ = {isa = PBXFileReference; lastKnownFileType = sourcecode.swift; path = SettingView.swift; sourceTree = "<group>"; };
		93F7C83F2AB9B17F0073FDD2 /* WelcomeView.swift */ = {isa = PBXFileReference; lastKnownFileType = sourcecode.swift; path = WelcomeView.swift; sourceTree = "<group>"; };
		93F7C8422AB9B1B90073FDD2 /* AuthView.swift */ = {isa = PBXFileReference; lastKnownFileType = sourcecode.swift; path = AuthView.swift; sourceTree = "<group>"; };
		93F7C8442AB9B1E60073FDD2 /* CourseDetailView.swift */ = {isa = PBXFileReference; lastKnownFileType = sourcecode.swift; path = CourseDetailView.swift; sourceTree = "<group>"; };
		93F7C8462AB9B2140073FDD2 /* CourseItem.swift */ = {isa = PBXFileReference; lastKnownFileType = sourcecode.swift; path = CourseItem.swift; sourceTree = "<group>"; };
		93F7C8482AB9B23D0073FDD2 /* FeatureItem.swift */ = {isa = PBXFileReference; lastKnownFileType = sourcecode.swift; path = FeatureItem.swift; sourceTree = "<group>"; };
		93F7C84A2AB9B2700073FDD2 /* NavigationBar.swift */ = {isa = PBXFileReference; lastKnownFileType = sourcecode.swift; path = NavigationBar.swift; sourceTree = "<group>"; };
		93F7C84C2AB9B2A00073FDD2 /* LoginView.swift */ = {isa = PBXFileReference; lastKnownFileType = sourcecode.swift; path = LoginView.swift; sourceTree = "<group>"; };
		93F7C84E2AB9B2BF0073FDD2 /* SignUpView.swift */ = {isa = PBXFileReference; lastKnownFileType = sourcecode.swift; path = SignUpView.swift; sourceTree = "<group>"; };
		93F7C8512AB9B5690073FDD2 /* Exercise.swift */ = {isa = PBXFileReference; fileEncoding = 4; lastKnownFileType = sourcecode.swift; path = Exercise.swift; sourceTree = "<group>"; };
		93F7C8522AB9B5690073FDD2 /* String.swift */ = {isa = PBXFileReference; fileEncoding = 4; lastKnownFileType = sourcecode.swift; path = String.swift; sourceTree = "<group>"; };
		93F7C8532AB9B5690073FDD2 /* Row.swift */ = {isa = PBXFileReference; fileEncoding = 4; lastKnownFileType = sourcecode.swift; path = Row.swift; sourceTree = "<group>"; };
		93F7C85E2AB9B6FD0073FDD2 /* SessionView.swift */ = {isa = PBXFileReference; lastKnownFileType = sourcecode.swift; path = SessionView.swift; sourceTree = "<group>"; };
		93F7C8602AB9B7910073FDD2 /* GoogleService-Info.plist */ = {isa = PBXFileReference; fileEncoding = 4; lastKnownFileType = text.plist.xml; path = "GoogleService-Info.plist"; sourceTree = "<group>"; };
/* End PBXFileReference section */

/* Begin PBXFrameworksBuildPhase section */
		93F7C8222AB9B03E0073FDD2 /* Frameworks */ = {
			isa = PBXFrameworksBuildPhase;
			buildActionMask = 2147483647;
			files = (
				93F7C85B2AB9B6380073FDD2 /* FirebaseAuth in Frameworks */,
				93F7C85D2AB9B6380073FDD2 /* FirebaseFirestore in Frameworks */,
			);
			runOnlyForDeploymentPostprocessing = 0;
		};
/* End PBXFrameworksBuildPhase section */

/* Begin PBXGroup section */
		93A5C4E42ABADE000095B33F /* Helper */ = {
			isa = PBXGroup;
			children = (
			);
			path = Helper;
			sourceTree = "<group>";
		};
		93F7C81C2AB9B03E0073FDD2 = {
			isa = PBXGroup;
			children = (
				93F7C8272AB9B03E0073FDD2 /* WorkUp4Me */,
				93F7C8262AB9B03E0073FDD2 /* Products */,
			);
			sourceTree = "<group>";
		};
		93F7C8262AB9B03E0073FDD2 /* Products */ = {
			isa = PBXGroup;
			children = (
				93F7C8252AB9B03E0073FDD2 /* WorkUp4Me.app */,
			);
			name = Products;
			sourceTree = "<group>";
		};
		93F7C8272AB9B03E0073FDD2 /* WorkUp4Me */ = {
			isa = PBXGroup;
			children = (
				93A5C4E42ABADE000095B33F /* Helper */,
				93F7C8602AB9B7910073FDD2 /* GoogleService-Info.plist */,
				93F7C8502AB9B2D40073FDD2 /* Model */,
				93F7C8412AB9B1A40073FDD2 /* Components */,
				93F7C8362AB9B0750073FDD2 /* Views */,
				93F7C8282AB9B03E0073FDD2 /* WorkUp4MeApp.swift */,
				93F7C82A2AB9B03E0073FDD2 /* ContentView.swift */,
				93F7C82C2AB9B03F0073FDD2 /* Assets.xcassets */,
				93F7C82E2AB9B03F0073FDD2 /* Preview Content */,
			);
			path = WorkUp4Me;
			sourceTree = "<group>";
		};
		93F7C82E2AB9B03F0073FDD2 /* Preview Content */ = {
			isa = PBXGroup;
			children = (
				93F7C82F2AB9B03F0073FDD2 /* Preview Assets.xcassets */,
			);
			path = "Preview Content";
			sourceTree = "<group>";
		};
		93F7C8362AB9B0750073FDD2 /* Views */ = {
			isa = PBXGroup;
			children = (
				93F7C83F2AB9B17F0073FDD2 /* WelcomeView.swift */,
				93F7C8392AB9B0CC0073FDD2 /* HomeView.swift */,
				93F7C83B2AB9B1050073FDD2 /* TrainingView.swift */,
				93F7C8372AB9B0AD0073FDD2 /* CourseView.swift */,
				93F7C85E2AB9B6FD0073FDD2 /* SessionView.swift */,
				93F7C83D2AB9B1600073FDD2 /* SettingView.swift */,
			);
			path = Views;
			sourceTree = "<group>";
		};
		93F7C8412AB9B1A40073FDD2 /* Components */ = {
			isa = PBXGroup;
			children = (
				93F7C8422AB9B1B90073FDD2 /* AuthView.swift */,
				93F7C8442AB9B1E60073FDD2 /* CourseDetailView.swift */,
				93F7C8462AB9B2140073FDD2 /* CourseItem.swift */,
				93F7C8482AB9B23D0073FDD2 /* FeatureItem.swift */,
				93F7C84A2AB9B2700073FDD2 /* NavigationBar.swift */,
				93F7C84C2AB9B2A00073FDD2 /* LoginView.swift */,
				93F7C84E2AB9B2BF0073FDD2 /* SignUpView.swift */,
			);
			path = Components;
			sourceTree = "<group>";
		};
		93F7C8502AB9B2D40073FDD2 /* Model */ = {
			isa = PBXGroup;
			children = (
				93F7C8512AB9B5690073FDD2 /* Exercise.swift */,
				93F7C8532AB9B5690073FDD2 /* Row.swift */,
				93F7C8522AB9B5690073FDD2 /* String.swift */,
			);
			path = Model;
			sourceTree = "<group>";
		};
/* End PBXGroup section */

/* Begin PBXNativeTarget section */
		93F7C8242AB9B03E0073FDD2 /* WorkUp4Me */ = {
			isa = PBXNativeTarget;
			buildConfigurationList = 93F7C8332AB9B03F0073FDD2 /* Build configuration list for PBXNativeTarget "WorkUp4Me" */;
			buildPhases = (
				93F7C8212AB9B03E0073FDD2 /* Sources */,
				93F7C8222AB9B03E0073FDD2 /* Frameworks */,
				93F7C8232AB9B03E0073FDD2 /* Resources */,
			);
			buildRules = (
			);
			dependencies = (
			);
			name = WorkUp4Me;
			packageProductDependencies = (
				93F7C85A2AB9B6380073FDD2 /* FirebaseAuth */,
				93F7C85C2AB9B6380073FDD2 /* FirebaseFirestore */,
			);
			productName = WorkUp4Me;
			productReference = 93F7C8252AB9B03E0073FDD2 /* WorkUp4Me.app */;
			productType = "com.apple.product-type.application";
		};
/* End PBXNativeTarget section */

/* Begin PBXProject section */
		93F7C81D2AB9B03E0073FDD2 /* Project object */ = {
			isa = PBXProject;
			attributes = {
				BuildIndependentTargetsInParallel = 1;
				LastSwiftUpdateCheck = 1430;
				LastUpgradeCheck = 1430;
				TargetAttributes = {
					93F7C8242AB9B03E0073FDD2 = {
						CreatedOnToolsVersion = 14.3.1;
					};
				};
			};
			buildConfigurationList = 93F7C8202AB9B03E0073FDD2 /* Build configuration list for PBXProject "WorkUp4Me" */;
			compatibilityVersion = "Xcode 14.0";
			developmentRegion = en;
			hasScannedForEncodings = 0;
			knownRegions = (
				en,
				Base,
			);
			mainGroup = 93F7C81C2AB9B03E0073FDD2;
			packageReferences = (
				93F7C8592AB9B6380073FDD2 /* XCRemoteSwiftPackageReference "firebase-ios-sdk" */,
			);
			productRefGroup = 93F7C8262AB9B03E0073FDD2 /* Products */;
			projectDirPath = "";
			projectRoot = "";
			targets = (
				93F7C8242AB9B03E0073FDD2 /* WorkUp4Me */,
			);
		};
/* End PBXProject section */

/* Begin PBXResourcesBuildPhase section */
		93F7C8232AB9B03E0073FDD2 /* Resources */ = {
			isa = PBXResourcesBuildPhase;
			buildActionMask = 2147483647;
			files = (
				93F7C8302AB9B03F0073FDD2 /* Preview Assets.xcassets in Resources */,
				93F7C82D2AB9B03F0073FDD2 /* Assets.xcassets in Resources */,
				93F7C8612AB9B7910073FDD2 /* GoogleService-Info.plist in Resources */,
			);
			runOnlyForDeploymentPostprocessing = 0;
		};
/* End PBXResourcesBuildPhase section */

/* Begin PBXSourcesBuildPhase section */
		93F7C8212AB9B03E0073FDD2 /* Sources */ = {
			isa = PBXSourcesBuildPhase;
			buildActionMask = 2147483647;
			files = (
				93F7C82B2AB9B03E0073FDD2 /* ContentView.swift in Sources */,
				93F7C8472AB9B2140073FDD2 /* CourseItem.swift in Sources */,
				93F7C8562AB9B5690073FDD2 /* Row.swift in Sources */,
				93F7C83A2AB9B0CC0073FDD2 /* HomeView.swift in Sources */,
				93F7C83C2AB9B1050073FDD2 /* TrainingView.swift in Sources */,
				93F7C83E2AB9B1600073FDD2 /* SettingView.swift in Sources */,
				93F7C8542AB9B5690073FDD2 /* Exercise.swift in Sources */,
				93F7C85F2AB9B6FD0073FDD2 /* SessionView.swift in Sources */,
				93F7C8452AB9B1E60073FDD2 /* CourseDetailView.swift in Sources */,
				93F7C8292AB9B03E0073FDD2 /* WorkUp4MeApp.swift in Sources */,
				93F7C8382AB9B0AD0073FDD2 /* CourseView.swift in Sources */,
				93F7C8432AB9B1B90073FDD2 /* AuthView.swift in Sources */,
				93F7C8402AB9B17F0073FDD2 /* WelcomeView.swift in Sources */,
				93F7C84F2AB9B2BF0073FDD2 /* SignUpView.swift in Sources */,
				93F7C84D2AB9B2A00073FDD2 /* LoginView.swift in Sources */,
				93F7C8492AB9B23D0073FDD2 /* FeatureItem.swift in Sources */,
				93F7C8552AB9B5690073FDD2 /* String.swift in Sources */,
				93F7C84B2AB9B2700073FDD2 /* NavigationBar.swift in Sources */,
			);
			runOnlyForDeploymentPostprocessing = 0;
		};
/* End PBXSourcesBuildPhase section */

/* Begin XCBuildConfiguration section */
		93F7C8312AB9B03F0073FDD2 /* Debug */ = {
			isa = XCBuildConfiguration;
			buildSettings = {
				ALWAYS_SEARCH_USER_PATHS = NO;
				CLANG_ANALYZER_NONNULL = YES;
				CLANG_ANALYZER_NUMBER_OBJECT_CONVERSION = YES_AGGRESSIVE;
				CLANG_CXX_LANGUAGE_STANDARD = "gnu++20";
				CLANG_ENABLE_MODULES = YES;
				CLANG_ENABLE_OBJC_ARC = YES;
				CLANG_ENABLE_OBJC_WEAK = YES;
				CLANG_WARN_BLOCK_CAPTURE_AUTORELEASING = YES;
				CLANG_WARN_BOOL_CONVERSION = YES;
				CLANG_WARN_COMMA = YES;
				CLANG_WARN_CONSTANT_CONVERSION = YES;
				CLANG_WARN_DEPRECATED_OBJC_IMPLEMENTATIONS = YES;
				CLANG_WARN_DIRECT_OBJC_ISA_USAGE = YES_ERROR;
				CLANG_WARN_DOCUMENTATION_COMMENTS = YES;
				CLANG_WARN_EMPTY_BODY = YES;
				CLANG_WARN_ENUM_CONVERSION = YES;
				CLANG_WARN_INFINITE_RECURSION = YES;
				CLANG_WARN_INT_CONVERSION = YES;
				CLANG_WARN_NON_LITERAL_NULL_CONVERSION = YES;
				CLANG_WARN_OBJC_IMPLICIT_RETAIN_SELF = YES;
				CLANG_WARN_OBJC_LITERAL_CONVERSION = YES;
				CLANG_WARN_OBJC_ROOT_CLASS = YES_ERROR;
				CLANG_WARN_QUOTED_INCLUDE_IN_FRAMEWORK_HEADER = YES;
				CLANG_WARN_RANGE_LOOP_ANALYSIS = YES;
				CLANG_WARN_STRICT_PROTOTYPES = YES;
				CLANG_WARN_SUSPICIOUS_MOVE = YES;
				CLANG_WARN_UNGUARDED_AVAILABILITY = YES_AGGRESSIVE;
				CLANG_WARN_UNREACHABLE_CODE = YES;
				CLANG_WARN__DUPLICATE_METHOD_MATCH = YES;
				COPY_PHASE_STRIP = NO;
				DEBUG_INFORMATION_FORMAT = dwarf;
				ENABLE_STRICT_OBJC_MSGSEND = YES;
				ENABLE_TESTABILITY = YES;
				GCC_C_LANGUAGE_STANDARD = gnu11;
				GCC_DYNAMIC_NO_PIC = NO;
				GCC_NO_COMMON_BLOCKS = YES;
				GCC_OPTIMIZATION_LEVEL = 0;
				GCC_PREPROCESSOR_DEFINITIONS = (
					"DEBUG=1",
					"$(inherited)",
				);
				GCC_WARN_64_TO_32_BIT_CONVERSION = YES;
				GCC_WARN_ABOUT_RETURN_TYPE = YES_ERROR;
				GCC_WARN_UNDECLARED_SELECTOR = YES;
				GCC_WARN_UNINITIALIZED_AUTOS = YES_AGGRESSIVE;
				GCC_WARN_UNUSED_FUNCTION = YES;
				GCC_WARN_UNUSED_VARIABLE = YES;
				IPHONEOS_DEPLOYMENT_TARGET = 16.4;
				MTL_ENABLE_DEBUG_INFO = INCLUDE_SOURCE;
				MTL_FAST_MATH = YES;
				ONLY_ACTIVE_ARCH = YES;
				SDKROOT = iphoneos;
				SWIFT_ACTIVE_COMPILATION_CONDITIONS = DEBUG;
				SWIFT_OPTIMIZATION_LEVEL = "-Onone";
			};
			name = Debug;
		};
		93F7C8322AB9B03F0073FDD2 /* Release */ = {
			isa = XCBuildConfiguration;
			buildSettings = {
				ALWAYS_SEARCH_USER_PATHS = NO;
				CLANG_ANALYZER_NONNULL = YES;
				CLANG_ANALYZER_NUMBER_OBJECT_CONVERSION = YES_AGGRESSIVE;
				CLANG_CXX_LANGUAGE_STANDARD = "gnu++20";
				CLANG_ENABLE_MODULES = YES;
				CLANG_ENABLE_OBJC_ARC = YES;
				CLANG_ENABLE_OBJC_WEAK = YES;
				CLANG_WARN_BLOCK_CAPTURE_AUTORELEASING = YES;
				CLANG_WARN_BOOL_CONVERSION = YES;
				CLANG_WARN_COMMA = YES;
				CLANG_WARN_CONSTANT_CONVERSION = YES;
				CLANG_WARN_DEPRECATED_OBJC_IMPLEMENTATIONS = YES;
				CLANG_WARN_DIRECT_OBJC_ISA_USAGE = YES_ERROR;
				CLANG_WARN_DOCUMENTATION_COMMENTS = YES;
				CLANG_WARN_EMPTY_BODY = YES;
				CLANG_WARN_ENUM_CONVERSION = YES;
				CLANG_WARN_INFINITE_RECURSION = YES;
				CLANG_WARN_INT_CONVERSION = YES;
				CLANG_WARN_NON_LITERAL_NULL_CONVERSION = YES;
				CLANG_WARN_OBJC_IMPLICIT_RETAIN_SELF = YES;
				CLANG_WARN_OBJC_LITERAL_CONVERSION = YES;
				CLANG_WARN_OBJC_ROOT_CLASS = YES_ERROR;
				CLANG_WARN_QUOTED_INCLUDE_IN_FRAMEWORK_HEADER = YES;
				CLANG_WARN_RANGE_LOOP_ANALYSIS = YES;
				CLANG_WARN_STRICT_PROTOTYPES = YES;
				CLANG_WARN_SUSPICIOUS_MOVE = YES;
				CLANG_WARN_UNGUARDED_AVAILABILITY = YES_AGGRESSIVE;
				CLANG_WARN_UNREACHABLE_CODE = YES;
				CLANG_WARN__DUPLICATE_METHOD_MATCH = YES;
				COPY_PHASE_STRIP = NO;
				DEBUG_INFORMATION_FORMAT = "dwarf-with-dsym";
				ENABLE_NS_ASSERTIONS = NO;
				ENABLE_STRICT_OBJC_MSGSEND = YES;
				GCC_C_LANGUAGE_STANDARD = gnu11;
				GCC_NO_COMMON_BLOCKS = YES;
				GCC_WARN_64_TO_32_BIT_CONVERSION = YES;
				GCC_WARN_ABOUT_RETURN_TYPE = YES_ERROR;
				GCC_WARN_UNDECLARED_SELECTOR = YES;
				GCC_WARN_UNINITIALIZED_AUTOS = YES_AGGRESSIVE;
				GCC_WARN_UNUSED_FUNCTION = YES;
				GCC_WARN_UNUSED_VARIABLE = YES;
				IPHONEOS_DEPLOYMENT_TARGET = 16.4;
				MTL_ENABLE_DEBUG_INFO = NO;
				MTL_FAST_MATH = YES;
				SDKROOT = iphoneos;
				SWIFT_COMPILATION_MODE = wholemodule;
				SWIFT_OPTIMIZATION_LEVEL = "-O";
				VALIDATE_PRODUCT = YES;
			};
			name = Release;
		};
		93F7C8342AB9B03F0073FDD2 /* Debug */ = {
			isa = XCBuildConfiguration;
			buildSettings = {
				ASSETCATALOG_COMPILER_APPICON_NAME = AppIcon;
				ASSETCATALOG_COMPILER_GLOBAL_ACCENT_COLOR_NAME = AccentColor;
				CODE_SIGN_STYLE = Automatic;
				CURRENT_PROJECT_VERSION = 1;
				DEVELOPMENT_ASSET_PATHS = "\"WorkUp4Me/Preview Content\"";
				ENABLE_PREVIEWS = YES;
				GENERATE_INFOPLIST_FILE = YES;
				INFOPLIST_KEY_UIApplicationSceneManifest_Generation = YES;
				INFOPLIST_KEY_UIApplicationSupportsIndirectInputEvents = YES;
				INFOPLIST_KEY_UILaunchScreen_Generation = YES;
				INFOPLIST_KEY_UISupportedInterfaceOrientations_iPad = "UIInterfaceOrientationPortrait UIInterfaceOrientationPortraitUpsideDown UIInterfaceOrientationLandscapeLeft UIInterfaceOrientationLandscapeRight";
				INFOPLIST_KEY_UISupportedInterfaceOrientations_iPhone = "UIInterfaceOrientationPortrait UIInterfaceOrientationLandscapeLeft UIInterfaceOrientationLandscapeRight";
				LD_RUNPATH_SEARCH_PATHS = (
					"$(inherited)",
					"@executable_path/Frameworks",
				);
				MARKETING_VERSION = 1.0;
				PRODUCT_BUNDLE_IDENTIFIER = RMIT.WorkUp4Me;
				PRODUCT_NAME = "$(TARGET_NAME)";
				SWIFT_EMIT_LOC_STRINGS = YES;
				SWIFT_VERSION = 5.0;
				TARGETED_DEVICE_FAMILY = "1,2";
			};
			name = Debug;
		};
		93F7C8352AB9B03F0073FDD2 /* Release */ = {
			isa = XCBuildConfiguration;
			buildSettings = {
				ASSETCATALOG_COMPILER_APPICON_NAME = AppIcon;
				ASSETCATALOG_COMPILER_GLOBAL_ACCENT_COLOR_NAME = AccentColor;
				CODE_SIGN_STYLE = Automatic;
				CURRENT_PROJECT_VERSION = 1;
				DEVELOPMENT_ASSET_PATHS = "\"WorkUp4Me/Preview Content\"";
				ENABLE_PREVIEWS = YES;
				GENERATE_INFOPLIST_FILE = YES;
				INFOPLIST_KEY_UIApplicationSceneManifest_Generation = YES;
				INFOPLIST_KEY_UIApplicationSupportsIndirectInputEvents = YES;
				INFOPLIST_KEY_UILaunchScreen_Generation = YES;
				INFOPLIST_KEY_UISupportedInterfaceOrientations_iPad = "UIInterfaceOrientationPortrait UIInterfaceOrientationPortraitUpsideDown UIInterfaceOrientationLandscapeLeft UIInterfaceOrientationLandscapeRight";
				INFOPLIST_KEY_UISupportedInterfaceOrientations_iPhone = "UIInterfaceOrientationPortrait UIInterfaceOrientationLandscapeLeft UIInterfaceOrientationLandscapeRight";
				LD_RUNPATH_SEARCH_PATHS = (
					"$(inherited)",
					"@executable_path/Frameworks",
				);
				MARKETING_VERSION = 1.0;
				PRODUCT_BUNDLE_IDENTIFIER = RMIT.WorkUp4Me;
				PRODUCT_NAME = "$(TARGET_NAME)";
				SWIFT_EMIT_LOC_STRINGS = YES;
				SWIFT_VERSION = 5.0;
				TARGETED_DEVICE_FAMILY = "1,2";
			};
			name = Release;
		};
/* End XCBuildConfiguration section */

/* Begin XCConfigurationList section */
		93F7C8202AB9B03E0073FDD2 /* Build configuration list for PBXProject "WorkUp4Me" */ = {
			isa = XCConfigurationList;
			buildConfigurations = (
				93F7C8312AB9B03F0073FDD2 /* Debug */,
				93F7C8322AB9B03F0073FDD2 /* Release */,
			);
			defaultConfigurationIsVisible = 0;
			defaultConfigurationName = Release;
		};
		93F7C8332AB9B03F0073FDD2 /* Build configuration list for PBXNativeTarget "WorkUp4Me" */ = {
			isa = XCConfigurationList;
			buildConfigurations = (
				93F7C8342AB9B03F0073FDD2 /* Debug */,
				93F7C8352AB9B03F0073FDD2 /* Release */,
			);
			defaultConfigurationIsVisible = 0;
			defaultConfigurationName = Release;
		};
/* End XCConfigurationList section */

/* Begin XCRemoteSwiftPackageReference section */
		93F7C8592AB9B6380073FDD2 /* XCRemoteSwiftPackageReference "firebase-ios-sdk" */ = {
			isa = XCRemoteSwiftPackageReference;
			repositoryURL = "https://github.com/firebase/firebase-ios-sdk";
			requirement = {
				kind = upToNextMajorVersion;
				minimumVersion = 10.0.0;
			};
		};
/* End XCRemoteSwiftPackageReference section */

/* Begin XCSwiftPackageProductDependency section */
		93F7C85A2AB9B6380073FDD2 /* FirebaseAuth */ = {
			isa = XCSwiftPackageProductDependency;
			package = 93F7C8592AB9B6380073FDD2 /* XCRemoteSwiftPackageReference "firebase-ios-sdk" */;
			productName = FirebaseAuth;
		};
		93F7C85C2AB9B6380073FDD2 /* FirebaseFirestore */ = {
			isa = XCSwiftPackageProductDependency;
			package = 93F7C8592AB9B6380073FDD2 /* XCRemoteSwiftPackageReference "firebase-ios-sdk" */;
			productName = FirebaseFirestore;
		};
/* End XCSwiftPackageProductDependency section */
	};
	rootObject = 93F7C81D2AB9B03E0073FDD2 /* Project object */;
}
